
Microsoft Visual Studio Solution File, Format Version 12.00
# Visual Studio Version 17
VisualStudioVersion = 17.14.36310.24 d17.14
MinimumVisualStudioVersion = 10.0.40219.1
Project("{00D1A9C2-B5F0-4AF3-8072-F6C62B433612}") = "ERPLiteDb", "ERPLiteDb\ERPLiteDb.sqlproj", "{6B39AF4C-BC15-4711-ADB6-991B6BFB678E}"
EndProject
Global
	GlobalSection(SolutionConfigurationPlatforms) = preSolution
		Debug|Any CPU = Debug|Any CPU
		Release|Any CPU = Release|Any CPU
	EndGlobalSection
	GlobalSection(ProjectConfigurationPlatforms) = postSolution
		{6B39AF4C-BC15-4711-ADB6-991B6BFB678E}.Debug|Any CPU.ActiveCfg = Debug|Any CPU
		{6B39AF4C-BC15-4711-ADB6-991B6BFB678E}.Debug|Any CPU.Build.0 = Debug|Any CPU
		{6B39AF4C-BC15-4711-ADB6-991B6BFB678E}.Debug|Any CPU.Deploy.0 = Debug|Any CPU
		{6B39AF4C-BC15-4711-ADB6-991B6BFB678E}.Release|Any CPU.ActiveCfg = Release|Any CPU
		{6B39AF4C-BC15-4711-ADB6-991B6BFB678E}.Release|Any CPU.Build.0 = Release|Any CPU
		{6B39AF4C-BC15-4711-ADB6-991B6BFB678E}.Release|Any CPU.Deploy.0 = Release|Any CPU
	EndGlobalSection
	GlobalSection(SolutionProperties) = preSolution
		HideSolutionNode = FALSE
	EndGlobalSection
	GlobalSection(ExtensibilityGlobals) = postSolution
		SolutionGuid = {ECBFCAA7-4547-4F29-8E03-C1310BBFE762}
	EndGlobalSection
EndGlobal
